
Microsoft Visual Studio Solution File, Format Version 12.00
# Visual Studio Version 16
VisualStudioVersion = 16.0.31424.327
MinimumVisualStudioVersion = 10.0.40219.1
Project("{FAE04EC0-301F-11D3-BF4B-00C04F79EFBC}") = "Многоугольники", "Многоугольники\Многоугольники.csproj", "{27F792DC-D516-44DC-9DDB-AE9CB2FB73EA}"
EndProject
Global
	GlobalSection(SolutionConfigurationPlatforms) = preSolution
		Debug|Any CPU = Debug|Any CPU
		Release|Any CPU = Release|Any CPU
	EndGlobalSection
	GlobalSection(ProjectConfigurationPlatforms) = postSolution
		{27F792DC-D516-44DC-9DDB-AE9CB2FB73EA}.Debug|Any CPU.ActiveCfg = Debug|Any CPU
		{27F792DC-D516-44DC-9DDB-AE9CB2FB73EA}.Debug|Any CPU.Build.0 = Debug|Any CPU
		{27F792DC-D516-44DC-9DDB-AE9CB2FB73EA}.Release|Any CPU.ActiveCfg = Release|Any CPU
		{27F792DC-D516-44DC-9DDB-AE9CB2FB73EA}.Release|Any CPU.Build.0 = Release|Any CPU
	EndGlobalSection
	GlobalSection(SolutionProperties) = preSolution
		HideSolutionNode = FALSE
	EndGlobalSection
	GlobalSection(ExtensibilityGlobals) = postSolution
		SolutionGuid = {0983A1E0-C14C-450D-A980-91DE6A1FA812}
	EndGlobalSection
EndGlobal
